
Microsoft Visual Studio Solution File, Format Version 12.00
# Visual Studio 14
VisualStudioVersion = 14.0.25420.1
MinimumVisualStudioVersion = 10.0.40219.1
Project("{FAE04EC0-301F-11D3-BF4B-00C04F79EFBC}") = "VWG.Community.NetSqlAzMan", "VWG.Community.NetSqlAzMan\VWG.Community.NetSqlAzMan.csproj", "{546267D1-FD94-4BB2-8592-8D2629C2308F}"
EndProject
Project("{FAE04EC0-301F-11D3-BF4B-00C04F79EFBC}") = "VWG.Community.Forms", "VWG.Community.Forms\VWG.Community.Forms.csproj", "{431354E9-3E91-44D9-946B-1D312939C709}"
EndProject
Project("{2150E333-8FDC-42A3-9474-1A3956D46DE8}") = "Solution Items", "Solution Items", "{ABD5DA91-8F19-47FE-A0C2-25893C7679BC}"
	ProjectSection(SolutionItems) = preProject
		README.md = README.md
	EndProjectSection
EndProject
Project("{FAE04EC0-301F-11D3-BF4B-00C04F79EFBC}") = "VWG.Community.NetSqlAzManTest", "VWG.Community.NetSqlAzManTest\VWG.Community.NetSqlAzManTest.csproj", "{3A2C8BCE-6A24-4B54-9242-F08DFD034A4A}"
EndProject
Project("{FAE04EC0-301F-11D3-BF4B-00C04F79EFBC}") = "VWG.Community.FormsTest", "VWG.Community.FormsTest\VWG.Community.FormsTest.csproj", "{86814F56-48D7-4D08-9DDF-2D947016E52F}"
EndProject
Project("{FAE04EC0-301F-11D3-BF4B-00C04F79EFBC}") = "VWG.Community.Resources", "VWG.Community.Resources\VWG.Community.Resources.csproj", "{DBE1C2D3-C54C-4C8E-9A17-BB004BAA916D}"
EndProject
Project("{FAE04EC0-301F-11D3-BF4B-00C04F79EFBC}") = "VWG.Community.RsourcesTest", "VWG.Community.RsourcesTest\VWG.Community.RsourcesTest.csproj", "{F2641EF6-0468-48E4-B9A5-41A0EC706D2A}"
EndProject
Project("{FAE04EC0-301F-11D3-BF4B-00C04F79EFBC}") = "VWG.Community.Util", "VWG.Community.Util\VWG.Community.Util.csproj", "{317E9C47-731D-4A0F-9989-9730816B93AA}"
EndProject
Project("{FAE04EC0-301F-11D3-BF4B-00C04F79EFBC}") = "VWG.Community.UtilTest", "VWG.Community.UtilTest\VWG.Community.UtilTest.csproj", "{B9388020-69F8-4687-933C-F0EBDEC856FC}"
EndProject
Global
	GlobalSection(SolutionConfigurationPlatforms) = preSolution
		Debug|Any CPU = Debug|Any CPU
		Release|Any CPU = Release|Any CPU
	EndGlobalSection
	GlobalSection(ProjectConfigurationPlatforms) = postSolution
		{546267D1-FD94-4BB2-8592-8D2629C2308F}.Debug|Any CPU.ActiveCfg = Debug|Any CPU
		{546267D1-FD94-4BB2-8592-8D2629C2308F}.Debug|Any CPU.Build.0 = Debug|Any CPU
		{546267D1-FD94-4BB2-8592-8D2629C2308F}.Release|Any CPU.ActiveCfg = Release|Any CPU
		{546267D1-FD94-4BB2-8592-8D2629C2308F}.Release|Any CPU.Build.0 = Release|Any CPU
		{431354E9-3E91-44D9-946B-1D312939C709}.Debug|Any CPU.ActiveCfg = Debug|Any CPU
		{431354E9-3E91-44D9-946B-1D312939C709}.Debug|Any CPU.Build.0 = Debug|Any CPU
		{431354E9-3E91-44D9-946B-1D312939C709}.Release|Any CPU.ActiveCfg = Release|Any CPU
		{431354E9-3E91-44D9-946B-1D312939C709}.Release|Any CPU.Build.0 = Release|Any CPU
		{3A2C8BCE-6A24-4B54-9242-F08DFD034A4A}.Debug|Any CPU.ActiveCfg = Debug|Any CPU
		{3A2C8BCE-6A24-4B54-9242-F08DFD034A4A}.Debug|Any CPU.Build.0 = Debug|Any CPU
		{3A2C8BCE-6A24-4B54-9242-F08DFD034A4A}.Release|Any CPU.ActiveCfg = Release|Any CPU
		{3A2C8BCE-6A24-4B54-9242-F08DFD034A4A}.Release|Any CPU.Build.0 = Release|Any CPU
		{86814F56-48D7-4D08-9DDF-2D947016E52F}.Debug|Any CPU.ActiveCfg = Debug|Any CPU
		{86814F56-48D7-4D08-9DDF-2D947016E52F}.Debug|Any CPU.Build.0 = Debug|Any CPU
		{86814F56-48D7-4D08-9DDF-2D947016E52F}.Release|Any CPU.ActiveCfg = Release|Any CPU
		{86814F56-48D7-4D08-9DDF-2D947016E52F}.Release|Any CPU.Build.0 = Release|Any CPU
		{DBE1C2D3-C54C-4C8E-9A17-BB004BAA916D}.Debug|Any CPU.ActiveCfg = Debug|Any CPU
		{DBE1C2D3-C54C-4C8E-9A17-BB004BAA916D}.Debug|Any CPU.Build.0 = Debug|Any CPU
		{DBE1C2D3-C54C-4C8E-9A17-BB004BAA916D}.Release|Any CPU.ActiveCfg = Release|Any CPU
		{DBE1C2D3-C54C-4C8E-9A17-BB004BAA916D}.Release|Any CPU.Build.0 = Release|Any CPU
		{F2641EF6-0468-48E4-B9A5-41A0EC706D2A}.Debug|Any CPU.ActiveCfg = Debug|Any CPU
		{F2641EF6-0468-48E4-B9A5-41A0EC706D2A}.Debug|Any CPU.Build.0 = Debug|Any CPU
		{F2641EF6-0468-48E4-B9A5-41A0EC706D2A}.Release|Any CPU.ActiveCfg = Release|Any CPU
		{F2641EF6-0468-48E4-B9A5-41A0EC706D2A}.Release|Any CPU.Build.0 = Release|Any CPU
		{317E9C47-731D-4A0F-9989-9730816B93AA}.Debug|Any CPU.ActiveCfg = Debug|Any CPU
		{317E9C47-731D-4A0F-9989-9730816B93AA}.Debug|Any CPU.Build.0 = Debug|Any CPU
		{317E9C47-731D-4A0F-9989-9730816B93AA}.Release|Any CPU.ActiveCfg = Release|Any CPU
		{317E9C47-731D-4A0F-9989-9730816B93AA}.Release|Any CPU.Build.0 = Release|Any CPU
		{B9388020-69F8-4687-933C-F0EBDEC856FC}.Debug|Any CPU.ActiveCfg = Debug|Any CPU
		{B9388020-69F8-4687-933C-F0EBDEC856FC}.Debug|Any CPU.Build.0 = Debug|Any CPU
		{B9388020-69F8-4687-933C-F0EBDEC856FC}.Release|Any CPU.ActiveCfg = Release|Any CPU
		{B9388020-69F8-4687-933C-F0EBDEC856FC}.Release|Any CPU.Build.0 = Release|Any CPU
	EndGlobalSection
	GlobalSection(SolutionProperties) = preSolution
		HideSolutionNode = FALSE
	EndGlobalSection
EndGlobal
